{
  "version": "5",
  "specifiers": {
    "jsr:@cloudydeno/ejson@0.1": "0.1.1",
    "jsr:@cloudydeno/opentelemetry@0.10": "0.10.3",
    "jsr:@cloudydeno/shimmer@1.2.1": "1.2.1",
    "jsr:@std/assert@^1.0.13": "1.0.13",
    "jsr:@std/encoding@1.0.9": "1.0.9",
    "jsr:@std/internal@^1.0.6": "1.0.9"
  },
  "jsr": {
    "@cloudydeno/ejson@0.1.1": {
      "integrity": "36d660b2012726f96f512ecd5c16cc85088351d558f99ca6f79472e114580afc",
      "dependencies": [
        "jsr:@std/encoding"
      ]
    },
    "@cloudydeno/opentelemetry@0.10.3": {
      "integrity": "a678c8cac0853b6097ad0291274a60baa185a377cb9c34fc2340836c58644345",
      "dependencies": [
        "jsr:@cloudydeno/shimmer"
      ]
    },
    "@cloudydeno/shimmer@1.2.1": {
      "integrity": "6d7cf8ba798532a9beb963937977e28e26dbd4e020b38f828a411aaacb34c3b2"
    },
    "@std/assert@1.0.13": {
      "integrity": "ae0d31e41919b12c656c742b22522c32fb26ed0cba32975cb0de2a273cb68b29",
      "dependencies": [
        "jsr:@std/internal"
      ]
    },
    "@std/encoding@1.0.9": {
      "integrity": "025b8f18eb1749bc30d1353bf48b77d1eb5e35610220fa226f5a046b9240c5d7"
    },
    "@std/internal@1.0.9": {
      "integrity": "bdfb97f83e4db7a13e8faab26fb1958d1b80cc64366501af78a0aee151696eb8"
    }
  },
  "workspace": {
    "dependencies": [
      "jsr:@cloudydeno/ejson@0.1",
      "jsr:@cloudydeno/opentelemetry@0.10",
      "jsr:@std/assert@^1.0.13"
    ]
  }
}
